
Microsoft Visual Studio Solution File, Format Version 12.00
# Visual Studio 15
VisualStudioVersion = 15.0.27130.2026
MinimumVisualStudioVersion = 10.0.40219.1
Project("{FAE04EC0-301F-11D3-BF4B-00C04F79EFBC}") = "MongoDBprojekat", "MongoDBprojekat\MongoDBprojekat.csproj", "{76422D99-D506-4C49-8D67-68D34EA41FC0}"
EndProject
Global
	GlobalSection(SolutionConfigurationPlatforms) = preSolution
		Debug|Any CPU = Debug|Any CPU
		Release|Any CPU = Release|Any CPU
	EndGlobalSection
	GlobalSection(ProjectConfigurationPlatforms) = postSolution
		{76422D99-D506-4C49-8D67-68D34EA41FC0}.Debug|Any CPU.ActiveCfg = Debug|Any CPU
		{76422D99-D506-4C49-8D67-68D34EA41FC0}.Debug|Any CPU.Build.0 = Debug|Any CPU
		{76422D99-D506-4C49-8D67-68D34EA41FC0}.Release|Any CPU.ActiveCfg = Release|Any CPU
		{76422D99-D506-4C49-8D67-68D34EA41FC0}.Release|Any CPU.Build.0 = Release|Any CPU
	EndGlobalSection
	GlobalSection(SolutionProperties) = preSolution
		HideSolutionNode = FALSE
	EndGlobalSection
	GlobalSection(ExtensibilityGlobals) = postSolution
		SolutionGuid = {43E435C1-72E9-4B5B-85C4-037E3E2DD66C}
	EndGlobalSection
EndGlobal
